
Microsoft Visual Studio Solution File, Format Version 12.00
# Visual Studio Version 17
VisualStudioVersion = 17.8.34525.116
MinimumVisualStudioVersion = 10.0.40219.1
Project("{9A19103F-16F7-4668-BE54-9A1E7A4F7556}") = "LegacyApp", "LegacyApp\LegacyApp.csproj", "{1ED11EB1-3861-43A6-9B3E-F10C114F4EA7}"
EndProject
Global
	GlobalSection(SolutionConfigurationPlatforms) = preSolution
		Debug|Any CPU = Debug|Any CPU
		Release|Any CPU = Release|Any CPU
	EndGlobalSection
	GlobalSection(ProjectConfigurationPlatforms) = postSolution
		{1ED11EB1-3861-43A6-9B3E-F10C114F4EA7}.Debug|Any CPU.ActiveCfg = Debug|Any CPU
		{1ED11EB1-3861-43A6-9B3E-F10C114F4EA7}.Debug|Any CPU.Build.0 = Debug|Any CPU
		{1ED11EB1-3861-43A6-9B3E-F10C114F4EA7}.Release|Any CPU.ActiveCfg = Release|Any CPU
		{1ED11EB1-3861-43A6-9B3E-F10C114F4EA7}.Release|Any CPU.Build.0 = Release|Any CPU
		{DA00F2B9-752E-4D05-8BCD-650266E96469}.Debug|Any CPU.ActiveCfg = Debug|Any CPU
		{DA00F2B9-752E-4D05-8BCD-650266E96469}.Debug|Any CPU.Build.0 = Debug|Any CPU
		{DA00F2B9-752E-4D05-8BCD-650266E96469}.Release|Any CPU.ActiveCfg = Release|Any CPU
		{DA00F2B9-752E-4D05-8BCD-650266E96469}.Release|Any CPU.Build.0 = Release|Any CPU
	EndGlobalSection
	GlobalSection(SolutionProperties) = preSolution
		HideSolutionNode = FALSE
	EndGlobalSection
	GlobalSection(ExtensibilityGlobals) = postSolution
		SolutionGuid = {6DC92475-A6A2-478C-896D-CD5803AF85B8}
	EndGlobalSection
EndGlobal
